{
  "requires": true,
  "lockfileVersion": 1,
  "dependencies": {
    "react-card-selector": {
      "version": "1.0.0",
      "resolved": "https://registry.npmjs.org/react-card-selector/-/react-card-selector-1.0.0.tgz",
      "integrity": "sha512-W78I+ftvQoFTFKz/RPuxrrpdf3LqyowvdBFAO4ILalS3qUJXkRGn8YnaxWICPspndYYqv3uU/z2pWTRMcZ+utQ=="
    }
  }
}
